
Microsoft Visual Studio Solution File, Format Version 12.00
# Visual Studio Version 17
VisualStudioVersion = 17.2.32616.157
MinimumVisualStudioVersion = 10.0.40219.1
Project("{9A19103F-16F7-4668-BE54-9A1E7A4F7556}") = "Agent", "Agent.csproj", "{69FA4CBA-F271-4CDE-BBB2-7E8DFD476C69}"
EndProject
Global
	GlobalSection(SolutionConfigurationPlatforms) = preSolution
		Debug|Any CPU = Debug|Any CPU
		Release|Any CPU = Release|Any CPU
	EndGlobalSection
	GlobalSection(ProjectConfigurationPlatforms) = postSolution
		{69FA4CBA-F271-4CDE-BBB2-7E8DFD476C69}.Debug|Any CPU.ActiveCfg = Debug|Any CPU
		{69FA4CBA-F271-4CDE-BBB2-7E8DFD476C69}.Debug|Any CPU.Build.0 = Debug|Any CPU
		{69FA4CBA-F271-4CDE-BBB2-7E8DFD476C69}.Release|Any CPU.ActiveCfg = Release|Any CPU
		{69FA4CBA-F271-4CDE-BBB2-7E8DFD476C69}.Release|Any CPU.Build.0 = Release|Any CPU
	EndGlobalSection
	GlobalSection(SolutionProperties) = preSolution
		HideSolutionNode = FALSE
	EndGlobalSection
	GlobalSection(ExtensibilityGlobals) = postSolution
		SolutionGuid = {05C4ED14-6507-4FE1-803C-674869ABEA61}
	EndGlobalSection
EndGlobal
